
Microsoft Visual Studio Solution File, Format Version 12.00
# Visual Studio Version 17
VisualStudioVersion = 17.11.35303.130
MinimumVisualStudioVersion = 10.0.40219.1
Project("{FAE04EC0-301F-11D3-BF4B-00C04F79EFBC}") = "FilmesApi", "FilmesApi\FilmesApi.csproj", "{05638FA1-8EF1-47B3-A08D-BD33D9A2982B}"
EndProject
Global
	GlobalSection(SolutionConfigurationPlatforms) = preSolution
		Debug|Any CPU = Debug|Any CPU
		Release|Any CPU = Release|Any CPU
	EndGlobalSection
	GlobalSection(ProjectConfigurationPlatforms) = postSolution
		{05638FA1-8EF1-47B3-A08D-BD33D9A2982B}.Debug|Any CPU.ActiveCfg = Debug|Any CPU
		{05638FA1-8EF1-47B3-A08D-BD33D9A2982B}.Debug|Any CPU.Build.0 = Debug|Any CPU
		{05638FA1-8EF1-47B3-A08D-BD33D9A2982B}.Release|Any CPU.ActiveCfg = Release|Any CPU
		{05638FA1-8EF1-47B3-A08D-BD33D9A2982B}.Release|Any CPU.Build.0 = Release|Any CPU
	EndGlobalSection
	GlobalSection(SolutionProperties) = preSolution
		HideSolutionNode = FALSE
	EndGlobalSection
	GlobalSection(ExtensibilityGlobals) = postSolution
		SolutionGuid = {CE637850-C2B2-425D-992B-8F759C47CB07}
	EndGlobalSection
EndGlobal
